
Microsoft Visual Studio Solution File, Format Version 12.00
# Visual Studio Version 17
VisualStudioVersion = 17.3.32922.545
MinimumVisualStudioVersion = 10.0.40219.1
Project("{FAE04EC0-301F-11D3-BF4B-00C04F79EFBC}") = "Calculus", "Calculus\Calculus.csproj", "{AECF0F62-16F2-4C65-82AF-549676A5D465}"
EndProject
Global
	GlobalSection(SolutionConfigurationPlatforms) = preSolution
		Debug|Any CPU = Debug|Any CPU
		Release|Any CPU = Release|Any CPU
	EndGlobalSection
	GlobalSection(ProjectConfigurationPlatforms) = postSolution
		{AECF0F62-16F2-4C65-82AF-549676A5D465}.Debug|Any CPU.ActiveCfg = Debug|Any CPU
		{AECF0F62-16F2-4C65-82AF-549676A5D465}.Debug|Any CPU.Build.0 = Debug|Any CPU
		{AECF0F62-16F2-4C65-82AF-549676A5D465}.Release|Any CPU.ActiveCfg = Release|Any CPU
		{AECF0F62-16F2-4C65-82AF-549676A5D465}.Release|Any CPU.Build.0 = Release|Any CPU
	EndGlobalSection
	GlobalSection(SolutionProperties) = preSolution
		HideSolutionNode = FALSE
	EndGlobalSection
	GlobalSection(ExtensibilityGlobals) = postSolution
		SolutionGuid = {5DC4C8A0-11C5-4EA0-B9C8-C7164C9A3AF0}
	EndGlobalSection
EndGlobal
